
Microsoft Visual Studio Solution File, Format Version 12.00
# Visual Studio Version 17
VisualStudioVersion = 17.0.31919.166
MinimumVisualStudioVersion = 10.0.40219.1
Project("{FAE04EC0-301F-11D3-BF4B-00C04F79EFBC}") = "Blog.Entities", "Blog.Entities\Blog.Entities.csproj", "{D5575728-7682-418B-95DD-2CB5CE68F372}"
EndProject
Project("{FAE04EC0-301F-11D3-BF4B-00C04F79EFBC}") = "Blog.Data", "Blog.Data\Blog.Data.csproj", "{2788B7D6-0B75-44BF-B386-4E8F0041D087}"
EndProject
Project("{FAE04EC0-301F-11D3-BF4B-00C04F79EFBC}") = "Blog.Services", "Blog.Services\Blog.Services.csproj", "{714FFA43-0026-4562-AEA2-F43469FF1AEF}"
EndProject
Project("{FAE04EC0-301F-11D3-BF4B-00C04F79EFBC}") = "Blog.Mvc", "Blog.Mvc\Blog.Mvc.csproj", "{7355E7A8-68A9-448D-84BA-DAB56ACB3C8A}"
EndProject
Project("{FAE04EC0-301F-11D3-BF4B-00C04F79EFBC}") = "Blog.Shared", "Blog.Shared\Blog.Shared.csproj", "{8FD83D3B-2215-483D-8B0B-5AFD5E6F9632}"
EndProject
Global
	GlobalSection(SolutionConfigurationPlatforms) = preSolution
		Debug|Any CPU = Debug|Any CPU
		Release|Any CPU = Release|Any CPU
	EndGlobalSection
	GlobalSection(ProjectConfigurationPlatforms) = postSolution
		{D5575728-7682-418B-95DD-2CB5CE68F372}.Debug|Any CPU.ActiveCfg = Debug|Any CPU
		{D5575728-7682-418B-95DD-2CB5CE68F372}.Debug|Any CPU.Build.0 = Debug|Any CPU
		{D5575728-7682-418B-95DD-2CB5CE68F372}.Release|Any CPU.ActiveCfg = Release|Any CPU
		{D5575728-7682-418B-95DD-2CB5CE68F372}.Release|Any CPU.Build.0 = Release|Any CPU
		{2788B7D6-0B75-44BF-B386-4E8F0041D087}.Debug|Any CPU.ActiveCfg = Debug|Any CPU
		{2788B7D6-0B75-44BF-B386-4E8F0041D087}.Debug|Any CPU.Build.0 = Debug|Any CPU
		{2788B7D6-0B75-44BF-B386-4E8F0041D087}.Release|Any CPU.ActiveCfg = Release|Any CPU
		{2788B7D6-0B75-44BF-B386-4E8F0041D087}.Release|Any CPU.Build.0 = Release|Any CPU
		{714FFA43-0026-4562-AEA2-F43469FF1AEF}.Debug|Any CPU.ActiveCfg = Debug|Any CPU
		{714FFA43-0026-4562-AEA2-F43469FF1AEF}.Debug|Any CPU.Build.0 = Debug|Any CPU
		{714FFA43-0026-4562-AEA2-F43469FF1AEF}.Release|Any CPU.ActiveCfg = Release|Any CPU
		{714FFA43-0026-4562-AEA2-F43469FF1AEF}.Release|Any CPU.Build.0 = Release|Any CPU
		{7355E7A8-68A9-448D-84BA-DAB56ACB3C8A}.Debug|Any CPU.ActiveCfg = Debug|Any CPU
		{7355E7A8-68A9-448D-84BA-DAB56ACB3C8A}.Debug|Any CPU.Build.0 = Debug|Any CPU
		{7355E7A8-68A9-448D-84BA-DAB56ACB3C8A}.Release|Any CPU.ActiveCfg = Release|Any CPU
		{7355E7A8-68A9-448D-84BA-DAB56ACB3C8A}.Release|Any CPU.Build.0 = Release|Any CPU
		{8FD83D3B-2215-483D-8B0B-5AFD5E6F9632}.Debug|Any CPU.ActiveCfg = Debug|Any CPU
		{8FD83D3B-2215-483D-8B0B-5AFD5E6F9632}.Debug|Any CPU.Build.0 = Debug|Any CPU
		{8FD83D3B-2215-483D-8B0B-5AFD5E6F9632}.Release|Any CPU.ActiveCfg = Release|Any CPU
		{8FD83D3B-2215-483D-8B0B-5AFD5E6F9632}.Release|Any CPU.Build.0 = Release|Any CPU
	EndGlobalSection
	GlobalSection(SolutionProperties) = preSolution
		HideSolutionNode = FALSE
	EndGlobalSection
	GlobalSection(ExtensibilityGlobals) = postSolution
		SolutionGuid = {2B6BFA18-4D32-48F0-ABA7-0A4CA1534B24}
	EndGlobalSection
EndGlobal
